// !$*UTF8*$!
{
	archiveVersion = 1;
	classes = {
	};
	objectVersion = 46;
	objects = {

/* Begin PBXBuildFile section */
		D887634E190DCFE600AAD14C /* Foundation.framework in Frameworks */ = {isa = PBXBuildFile; fileRef = D887634D190DCFE600AAD14C /* Foundation.framework */; };
		D8876350190DCFE600AAD14C /* CoreGraphics.framework in Frameworks */ = {isa = PBXBuildFile; fileRef = D887634F190DCFE600AAD14C /* CoreGraphics.framework */; };
		D8876352190DCFE600AAD14C /* UIKit.framework in Frameworks */ = {isa = PBXBuildFile; fileRef = D8876351190DCFE600AAD14C /* UIKit.framework */; };
		D8876358190DCFE600AAD14C /* InfoPlist.strings in Resources */ = {isa = PBXBuildFile; fileRef = D8876356190DCFE600AAD14C /* InfoPlist.strings */; };
		D887635A190DCFE600AAD14C /* main.m in Sources */ = {isa = PBXBuildFile; fileRef = D8876359190DCFE600AAD14C /* main.m */; };
		D887635E190DCFE600AAD14C /* AppDelegate.m in Sources */ = {isa = PBXBuildFile; fileRef = D887635D190DCFE600AAD14C /* AppDelegate.m */; };
		D8876360190DCFE600AAD14C /* Images.xcassets in Resources */ = {isa = PBXBuildFile; fileRef = D887635F190DCFE600AAD14C /* Images.xcassets */; };
		D8876367190DCFE600AAD14C /* XCTest.framework in Frameworks */ = {isa = PBXBuildFile; fileRef = D8876366190DCFE600AAD14C /* XCTest.framework */; };
		D8876368190DCFE600AAD14C /* Foundation.framework in Frameworks */ = {isa = PBXBuildFile; fileRef = D887634D190DCFE600AAD14C /* Foundation.framework */; };
		D8876369190DCFE600AAD14C /* UIKit.framework in Frameworks */ = {isa = PBXBuildFile; fileRef = D8876351190DCFE600AAD14C /* UIKit.framework */; };
		D8876371190DCFE600AAD14C /* InfoPlist.strings in Resources */ = {isa = PBXBuildFile; fileRef = D887636F190DCFE600AAD14C /* InfoPlist.strings */; };
		D8876373190DCFE600AAD14C /* TransitionsExampleTests.m in Sources */ = {isa = PBXBuildFile; fileRef = D8876372190DCFE600AAD14C /* TransitionsExampleTests.m */; };
		D887637E190DCFFC00AAD14C /* MasterViewController.m in Sources */ = {isa = PBXBuildFile; fileRef = D887637D190DCFFC00AAD14C /* MasterViewController.m */; };
		D8876381190DD00500AAD14C /* DetailViewController.m in Sources */ = {isa = PBXBuildFile; fileRef = D8876380190DD00500AAD14C /* DetailViewController.m */; };
		D8876384190DD01000AAD14C /* CustomTransition.m in Sources */ = {isa = PBXBuildFile; fileRef = D8876383190DD01000AAD14C /* CustomTransition.m */; };
/* End PBXBuildFile section */

/* Begin PBXContainerItemProxy section */
		D887636A190DCFE600AAD14C /* PBXContainerItemProxy */ = {
			isa = PBXContainerItemProxy;
			containerPortal = D8876342190DCFE600AAD14C /* Project object */;
			proxyType = 1;
			remoteGlobalIDString = D8876349190DCFE600AAD14C;
			remoteInfo = TransitionsExample;
		};
/* End PBXContainerItemProxy section */

/* Begin PBXFileReference section */
		D887634A190DCFE600AAD14C /* TransitionsExample.app */ = {isa = PBXFileReference; explicitFileType = wrapper.application; includeInIndex = 0; path = TransitionsExample.app; sourceTree = BUILT_PRODUCTS_DIR; };
		D887634D190DCFE600AAD14C /* Foundation.framework */ = {isa = PBXFileReference; lastKnownFileType = wrapper.framework; name = Foundation.framework; path = System/Library/Frameworks/Foundation.framework; sourceTree = SDKROOT; };
		D887634F190DCFE600AAD14C /* CoreGraphics.framework */ = {isa = PBXFileReference; lastKnownFileType = wrapper.framework; name = CoreGraphics.framework; path = System/Library/Frameworks/CoreGraphics.framework; sourceTree = SDKROOT; };
		D8876351190DCFE600AAD14C /* UIKit.framework */ = {isa = PBXFileReference; lastKnownFileType = wrapper.framework; name = UIKit.framework; path = System/Library/Frameworks/UIKit.framework; sourceTree = SDKROOT; };
		D8876355190DCFE600AAD14C /* TransitionsExample-Info.plist */ = {isa = PBXFileReference; lastKnownFileType = text.plist.xml; path = "TransitionsExample-Info.plist"; sourceTree = "<group>"; };
		D8876357190DCFE600AAD14C /* en */ = {isa = PBXFileReference; lastKnownFileType = text.plist.strings; name = en; path = en.lproj/InfoPlist.strings; sourceTree = "<group>"; };
		D8876359190DCFE600AAD14C /* main.m */ = {isa = PBXFileReference; lastKnownFileType = sourcecode.c.objc; path = main.m; sourceTree = "<group>"; };
		D887635B190DCFE600AAD14C /* TransitionsExample-Prefix.pch */ = {isa = PBXFileReference; lastKnownFileType = sourcecode.c.h; path = "TransitionsExample-Prefix.pch"; sourceTree = "<group>"; };
		D887635C190DCFE600AAD14C /* AppDelegate.h */ = {isa = PBXFileReference; lastKnownFileType = sourcecode.c.h; path = AppDelegate.h; sourceTree = "<group>"; };
		D887635D190DCFE600AAD14C /* AppDelegate.m */ = {isa = PBXFileReference; lastKnownFileType = sourcecode.c.objc; path = AppDelegate.m; sourceTree = "<group>"; };
		D887635F190DCFE600AAD14C /* Images.xcassets */ = {isa = PBXFileReference; lastKnownFileType = folder.assetcatalog; path = Images.xcassets; sourceTree = "<group>"; };
		D8876365190DCFE600AAD14C /* TransitionsExampleTests.xctest */ = {isa = PBXFileReference; explicitFileType = wrapper.cfbundle; includeInIndex = 0; path = TransitionsExampleTests.xctest; sourceTree = BUILT_PRODUCTS_DIR; };
		D8876366190DCFE600AAD14C /* XCTest.framework */ = {isa = PBXFileReference; lastKnownFileType = wrapper.framework; name = XCTest.framework; path = Library/Frameworks/XCTest.framework; sourceTree = DEVELOPER_DIR; };
		D887636E190DCFE600AAD14C /* TransitionsExampleTests-Info.plist */ = {isa = PBXFileReference; lastKnownFileType = text.plist.xml; path = "TransitionsExampleTests-Info.plist"; sourceTree = "<group>"; };
		D8876370190DCFE600AAD14C /* en */ = {isa = PBXFileReference; lastKnownFileType = text.plist.strings; name = en; path = en.lproj/InfoPlist.strings; sourceTree = "<group>"; };
		D8876372190DCFE600AAD14C /* TransitionsExampleTests.m */ = {isa = PBXFileReference; lastKnownFileType = sourcecode.c.objc; path = TransitionsExampleTests.m; sourceTree = "<group>"; };
		D887637C190DCFFC00AAD14C /* MasterViewController.h */ = {isa = PBXFileReference; fileEncoding = 4; lastKnownFileType = sourcecode.c.h; path = MasterViewController.h; sourceTree = "<group>"; };
		D887637D190DCFFC00AAD14C /* MasterViewController.m */ = {isa = PBXFileReference; fileEncoding = 4; lastKnownFileType = sourcecode.c.objc; path = MasterViewController.m; sourceTree = "<group>"; };
		D887637F190DD00500AAD14C /* DetailViewController.h */ = {isa = PBXFileReference; fileEncoding = 4; lastKnownFileType = sourcecode.c.h; path = DetailViewController.h; sourceTree = "<group>"; };
		D8876380190DD00500AAD14C /* DetailViewController.m */ = {isa = PBXFileReference; fileEncoding = 4; lastKnownFileType = sourcecode.c.objc; path = DetailViewController.m; sourceTree = "<group>"; };
		D8876382190DD01000AAD14C /* CustomTransition.h */ = {isa = PBXFileReference; fileEncoding = 4; lastKnownFileType = sourcecode.c.h; path = CustomTransition.h; sourceTree = "<group>"; };
		D8876383190DD01000AAD14C /* CustomTransition.m */ = {isa = PBXFileReference; fileEncoding = 4; lastKnownFileType = sourcecode.c.objc; path = CustomTransition.m; sourceTree = "<group>"; };
/* End PBXFileReference section */

/* Begin PBXFrameworksBuildPhase section */
		D8876347190DCFE600AAD14C /* Frameworks */ = {
			isa = PBXFrameworksBuildPhase;
			buildActionMask = 2147483647;
			files = (
				D8876350190DCFE600AAD14C /* CoreGraphics.framework in Frameworks */,
				D8876352190DCFE600AAD14C /* UIKit.framework in Frameworks */,
				D887634E190DCFE600AAD14C /* Foundation.framework in Frameworks */,
			);
			runOnlyForDeploymentPostprocessing = 0;
		};
		D8876362190DCFE600AAD14C /* Frameworks */ = {
			isa = PBXFrameworksBuildPhase;
			buildActionMask = 2147483647;
			files = (
				D8876367190DCFE600AAD14C /* XCTest.framework in Frameworks */,
				D8876369190DCFE600AAD14C /* UIKit.framework in Frameworks */,
				D8876368190DCFE600AAD14C /* Foundation.framework in Frameworks */,
			);
			runOnlyForDeploymentPostprocessing = 0;
		};
/* End PBXFrameworksBuildPhase section */

/* Begin PBXGroup section */
		D8876341190DCFE600AAD14C = {
			isa = PBXGroup;
			children = (
				D8876353190DCFE600AAD14C /* TransitionsExample */,
				D887636C190DCFE600AAD14C /* TransitionsExampleTests */,
				D887634C190DCFE600AAD14C /* Frameworks */,
				D887634B190DCFE600AAD14C /* Products */,
			);
			sourceTree = "<group>";
		};
		D887634B190DCFE600AAD14C /* Products */ = {
			isa = PBXGroup;
			children = (
				D887634A190DCFE600AAD14C /* TransitionsExample.app */,
				D8876365190DCFE600AAD14C /* TransitionsExampleTests.xctest */,
			);
			name = Products;
			sourceTree = "<group>";
		};
		D887634C190DCFE600AAD14C /* Frameworks */ = {
			isa = PBXGroup;
			children = (
				D887634D190DCFE600AAD14C /* Foundation.framework */,
				D887634F190DCFE600AAD14C /* CoreGraphics.framework */,
				D8876351190DCFE600AAD14C /* UIKit.framework */,
				D8876366190DCFE600AAD14C /* XCTest.framework */,
			);
			name = Frameworks;
			sourceTree = "<group>";
		};
		D8876353190DCFE600AAD14C /* TransitionsExample */ = {
			isa = PBXGroup;
			children = (
				D887635C190DCFE600AAD14C /* AppDelegate.h */,
				D887635D190DCFE600AAD14C /* AppDelegate.m */,
				D887635F190DCFE600AAD14C /* Images.xcassets */,
				D8876354190DCFE600AAD14C /* Supporting Files */,
				D887637C190DCFFC00AAD14C /* MasterViewController.h */,
				D887637D190DCFFC00AAD14C /* MasterViewController.m */,
				D887637F190DD00500AAD14C /* DetailViewController.h */,
				D8876380190DD00500AAD14C /* DetailViewController.m */,
				D8876382190DD01000AAD14C /* CustomTransition.h */,
				D8876383190DD01000AAD14C /* CustomTransition.m */,
			);
			path = TransitionsExample;
			sourceTree = "<group>";
		};
		D8876354190DCFE600AAD14C /* Supporting Files */ = {
			isa = PBXGroup;
			children = (
				D8876355190DCFE600AAD14C /* TransitionsExample-Info.plist */,
				D8876356190DCFE600AAD14C /* InfoPlist.strings */,
				D8876359190DCFE600AAD14C /* main.m */,
				D887635B190DCFE600AAD14C /* TransitionsExample-Prefix.pch */,
			);
			name = "Supporting Files";
			sourceTree = "<group>";
		};
		D887636C190DCFE600AAD14C /* TransitionsExampleTests */ = {
			isa = PBXGroup;
			children = (
				D8876372190DCFE600AAD14C /* TransitionsExampleTests.m */,
				D887636D190DCFE600AAD14C /* Supporting Files */,
			);
			path = TransitionsExampleTests;
			sourceTree = "<group>";
		};
		D887636D190DCFE600AAD14C /* Supporting Files */ = {
			isa = PBXGroup;
			children = (
				D887636E190DCFE600AAD14C /* TransitionsExampleTests-Info.plist */,
				D887636F190DCFE600AAD14C /* InfoPlist.strings */,
			);
			name = "Supporting Files";
			sourceTree = "<group>";
		};
/* End PBXGroup section */

/* Begin PBXNativeTarget section */
		D8876349190DCFE600AAD14C /* TransitionsExample */ = {
			isa = PBXNativeTarget;
			buildConfigurationList = D8876376190DCFE600AAD14C /* Build configuration list for PBXNativeTarget "TransitionsExample" */;
			buildPhases = (
				D8876346190DCFE600AAD14C /* Sources */,
				D8876347190DCFE600AAD14C /* Frameworks */,
				D8876348190DCFE600AAD14C /* Resources */,
			);
			buildRules = (
			);
			dependencies = (
			);
			name = TransitionsExample;
			productName = TransitionsExample;
			productReference = D887634A190DCFE600AAD14C /* TransitionsExample.app */;
			productType = "com.apple.product-type.application";
		};
		D8876364190DCFE600AAD14C /* TransitionsExampleTests */ = {
			isa = PBXNativeTarget;
			buildConfigurationList = D8876379190DCFE600AAD14C /* Build configuration list for PBXNativeTarget "TransitionsExampleTests" */;
			buildPhases = (
				D8876361190DCFE600AAD14C /* Sources */,
				D8876362190DCFE600AAD14C /* Frameworks */,
				D8876363190DCFE600AAD14C /* Resources */,
			);
			buildRules = (
			);
			dependencies = (
				D887636B190DCFE600AAD14C /* PBXTargetDependency */,
			);
			name = TransitionsExampleTests;
			productName = TransitionsExampleTests;
			productReference = D8876365190DCFE600AAD14C /* TransitionsExampleTests.xctest */;
			productType = "com.apple.product-type.bundle.unit-test";
		};
/* End PBXNativeTarget section */

/* Begin PBXProject section */
		D8876342190DCFE600AAD14C /* Project object */ = {
			isa = PBXProject;
			attributes = {
				LastUpgradeCheck = 0510;
				ORGANIZATIONNAME = "Nathan Borror";
				TargetAttributes = {
					D8876364190DCFE600AAD14C = {
						TestTargetID = D8876349190DCFE600AAD14C;
					};
				};
			};
			buildConfigurationList = D8876345190DCFE600AAD14C /* Build configuration list for PBXProject "TransitionsExample" */;
			compatibilityVersion = "Xcode 3.2";
			developmentRegion = English;
			hasScannedForEncodings = 0;
			knownRegions = (
				en,
			);
			mainGroup = D8876341190DCFE600AAD14C;
			productRefGroup = D887634B190DCFE600AAD14C /* Products */;
			projectDirPath = "";
			projectRoot = "";
			targets = (
				D8876349190DCFE600AAD14C /* TransitionsExample */,
				D8876364190DCFE600AAD14C /* TransitionsExampleTests */,
			);
		};
/* End PBXProject section */

/* Begin PBXResourcesBuildPhase section */
		D8876348190DCFE600AAD14C /* Resources */ = {
			isa = PBXResourcesBuildPhase;
			buildActionMask = 2147483647;
			files = (
				D8876358190DCFE600AAD14C /* InfoPlist.strings in Resources */,
				D8876360190DCFE600AAD14C /* Images.xcassets in Resources */,
			);
			runOnlyForDeploymentPostprocessing = 0;
		};
		D8876363190DCFE600AAD14C /* Resources */ = {
			isa = PBXResourcesBuildPhase;
			buildActionMask = 2147483647;
			files = (
				D8876371190DCFE600AAD14C /* InfoPlist.strings in Resources */,
			);
			runOnlyForDeploymentPostprocessing = 0;
		};
/* End PBXResourcesBuildPhase section */

/* Begin PBXSourcesBuildPhase section */
		D8876346190DCFE600AAD14C /* Sources */ = {
			isa = PBXSourcesBuildPhase;
			buildActionMask = 2147483647;
			files = (
				D887635E190DCFE600AAD14C /* AppDelegate.m in Sources */,
				D887637E190DCFFC00AAD14C /* MasterViewController.m in Sources */,
				D8876384190DD01000AAD14C /* CustomTransition.m in Sources */,
				D887635A190DCFE600AAD14C /* main.m in Sources */,
				D8876381190DD00500AAD14C /* DetailViewController.m in Sources */,
			);
			runOnlyForDeploymentPostprocessing = 0;
		};
		D8876361190DCFE600AAD14C /* Sources */ = {
			isa = PBXSourcesBuildPhase;
			buildActionMask = 2147483647;
			files = (
				D8876373190DCFE600AAD14C /* TransitionsExampleTests.m in Sources */,
			);
			runOnlyForDeploymentPostprocessing = 0;
		};
/* End PBXSourcesBuildPhase section */

/* Begin PBXTargetDependency section */
		D887636B190DCFE600AAD14C /* PBXTargetDependency */ = {
			isa = PBXTargetDependency;
			target = D8876349190DCFE600AAD14C /* TransitionsExample */;
			targetProxy = D887636A190DCFE600AAD14C /* PBXContainerItemProxy */;
		};
/* End PBXTargetDependency section */

/* Begin PBXVariantGroup section */
		D8876356190DCFE600AAD14C /* InfoPlist.strings */ = {
			isa = PBXVariantGroup;
			children = (
				D8876357190DCFE600AAD14C /* en */,
			);
			name = InfoPlist.strings;
			sourceTree = "<group>";
		};
		D887636F190DCFE600AAD14C /* InfoPlist.strings */ = {
			isa = PBXVariantGroup;
			children = (
				D8876370190DCFE600AAD14C /* en */,
			);
			name = InfoPlist.strings;
			sourceTree = "<group>";
		};
/* End PBXVariantGroup section */

/* Begin XCBuildConfiguration section */
		D8876374190DCFE600AAD14C /* Debug */ = {
			isa = XCBuildConfiguration;
			buildSettings = {
				ALWAYS_SEARCH_USER_PATHS = NO;
				CLANG_CXX_LANGUAGE_STANDARD = "gnu++0x";
				CLANG_CXX_LIBRARY = "libc++";
				CLANG_ENABLE_MODULES = YES;
				CLANG_ENABLE_OBJC_ARC = YES;
				CLANG_WARN_BOOL_CONVERSION = YES;
				CLANG_WARN_CONSTANT_CONVERSION = YES;
				CLANG_WARN_DIRECT_OBJC_ISA_USAGE = YES_ERROR;
				CLANG_WARN_EMPTY_BODY = YES;
				CLANG_WARN_ENUM_CONVERSION = YES;
				CLANG_WARN_INT_CONVERSION = YES;
				CLANG_WARN_OBJC_ROOT_CLASS = YES_ERROR;
				CLANG_WARN__DUPLICATE_METHOD_MATCH = YES;
				"CODE_SIGN_IDENTITY[sdk=iphoneos*]" = "iPhone Developer";
				COPY_PHASE_STRIP = NO;
				GCC_C_LANGUAGE_STANDARD = gnu99;
				GCC_DYNAMIC_NO_PIC = NO;
				GCC_OPTIMIZATION_LEVEL = 0;
				GCC_PREPROCESSOR_DEFINITIONS = (
					"DEBUG=1",
					"$(inherited)",
				);
				GCC_SYMBOLS_PRIVATE_EXTERN = NO;
				GCC_WARN_64_TO_32_BIT_CONVERSION = YES;
				GCC_WARN_ABOUT_RETURN_TYPE = YES_ERROR;
				GCC_WARN_UNDECLARED_SELECTOR = YES;
				GCC_WARN_UNINITIALIZED_AUTOS = YES_AGGRESSIVE;
				GCC_WARN_UNUSED_FUNCTION = YES;
				GCC_WARN_UNUSED_VARIABLE = YES;
				IPHONEOS_DEPLOYMENT_TARGET = 7.1;
				ONLY_ACTIVE_ARCH = YES;
				SDKROOT = iphoneos;
				TARGETED_DEVICE_FAMILY = "1,2";
			};
			name = Debug;
		};
		D8876375190DCFE600AAD14C /* Release */ = {
			isa = XCBuildConfiguration;
			buildSettings = {
				ALWAYS_SEARCH_USER_PATHS = NO;
				CLANG_CXX_LANGUAGE_STANDARD = "gnu++0x";
				CLANG_CXX_LIBRARY = "libc++";
				CLANG_ENABLE_MODULES = YES;
				CLANG_ENABLE_OBJC_ARC = YES;
				CLANG_WARN_BOOL_CONVERSION = YES;
				CLANG_WARN_CONSTANT_CONVERSION = YES;
				CLANG_WARN_DIRECT_OBJC_ISA_USAGE = YES_ERROR;
				CLANG_WARN_EMPTY_BODY = YES;
				CLANG_WARN_ENUM_CONVERSION = YES;
				CLANG_WARN_INT_CONVERSION = YES;
				CLANG_WARN_OBJC_ROOT_CLASS = YES_ERROR;
				CLANG_WARN__DUPLICATE_METHOD_MATCH = YES;
				"CODE_SIGN_IDENTITY[sdk=iphoneos*]" = "iPhone Developer";
				COPY_PHASE_STRIP = YES;
				ENABLE_NS_ASSERTIONS = NO;
				GCC_C_LANGUAGE_STANDARD = gnu99;
				GCC_WARN_64_TO_32_BIT_CONVERSION = YES;
				GCC_WARN_ABOUT_RETURN_TYPE = YES_ERROR;
				GCC_WARN_UNDECLARED_SELECTOR = YES;
				GCC_WARN_UNINITIALIZED_AUTOS = YES_AGGRESSIVE;
				GCC_WARN_UNUSED_FUNCTION = YES;
				GCC_WARN_UNUSED_VARIABLE = YES;
				IPHONEOS_DEPLOYMENT_TARGET = 7.1;
				SDKROOT = iphoneos;
				TARGETED_DEVICE_FAMILY = "1,2";
				VALIDATE_PRODUCT = YES;
			};
			name = Release;
		};
		D8876377190DCFE600AAD14C /* Debug */ = {
			isa = XCBuildConfiguration;
			buildSettings = {
				ASSETCATALOG_COMPILER_APPICON_NAME = AppIcon;
				ASSETCATALOG_COMPILER_LAUNCHIMAGE_NAME = LaunchImage;
				GCC_PRECOMPILE_PREFIX_HEADER = YES;
				GCC_PREFIX_HEADER = "TransitionsExample/TransitionsExample-Prefix.pch";
				INFOPLIST_FILE = "TransitionsExample/TransitionsExample-Info.plist";
				PRODUCT_NAME = "$(TARGET_NAME)";
				WRAPPER_EXTENSION = app;
			};
			name = Debug;
		};
		D8876378190DCFE600AAD14C /* Release */ = {
			isa = XCBuildConfiguration;
			buildSettings = {
				ASSETCATALOG_COMPILER_APPICON_NAME = AppIcon;
				ASSETCATALOG_COMPILER_LAUNCHIMAGE_NAME = LaunchImage;
				GCC_PRECOMPILE_PREFIX_HEADER = YES;
				GCC_PREFIX_HEADER = "TransitionsExample/TransitionsExample-Prefix.pch";
				INFOPLIST_FILE = "TransitionsExample/TransitionsExample-Info.plist";
				PRODUCT_NAME = "$(TARGET_NAME)";
				WRAPPER_EXTENSION = app;
			};
			name = Release;
		};
		D887637A190DCFE600AAD14C /* Debug */ = {
			isa = XCBuildConfiguration;
			buildSettings = {
				BUNDLE_LOADER = "$(BUILT_PRODUCTS_DIR)/TransitionsExample.app/TransitionsExample";
				FRAMEWORK_SEARCH_PATHS = (
					"$(SDKROOT)/Developer/Library/Frameworks",
					"$(inherited)",
					"$(DEVELOPER_FRAMEWORKS_DIR)",
				);
				GCC_PRECOMPILE_PREFIX_HEADER = YES;
				GCC_PREFIX_HEADER = "TransitionsExample/TransitionsExample-Prefix.pch";
				GCC_PREPROCESSOR_DEFINITIONS = (
					"DEBUG=1",
					"$(inherited)",
				);
				INFOPLIST_FILE = "TransitionsExampleTests/TransitionsExampleTests-Info.plist";
				PRODUCT_NAME = "$(TARGET_NAME)";
				TEST_HOST = "$(BUNDLE_LOADER)";
				WRAPPER_EXTENSION = xctest;
			};
			name = Debug;
		};
		D887637B190DCFE600AAD14C /* Release */ = {
			isa = XCBuildConfiguration;
			buildSettings = {
				BUNDLE_LOADER = "$(BUILT_PRODUCTS_DIR)/TransitionsExample.app/TransitionsExample";
				FRAMEWORK_SEARCH_PATHS = (
					"$(SDKROOT)/Developer/Library/Frameworks",
					"$(inherited)",
					"$(DEVELOPER_FRAMEWORKS_DIR)",
				);
				GCC_PRECOMPILE_PREFIX_HEADER = YES;
				GCC_PREFIX_HEADER = "TransitionsExample/TransitionsExample-Prefix.pch";
				INFOPLIST_FILE = "TransitionsExampleTests/TransitionsExampleTests-Info.plist";
				PRODUCT_NAME = "$(TARGET_NAME)";
				TEST_HOST = "$(BUNDLE_LOADER)";
				WRAPPER_EXTENSION = xctest;
			};
			name = Release;
		};
/* End XCBuildConfiguration section */

/* Begin XCConfigurationList section */
		D8876345190DCFE600AAD14C /* Build configuration list for PBXProject "TransitionsExample" */ = {
			isa = XCConfigurationList;
			buildConfigurations = (
				D8876374190DCFE600AAD14C /* Debug */,
				D8876375190DCFE600AAD14C /* Release */,
			);
			defaultConfigurationIsVisible = 0;
			defaultConfigurationName = Release;
		};
		D8876376190DCFE600AAD14C /* Build configuration list for PBXNativeTarget "TransitionsExample" */ = {
			isa = XCConfigurationList;
			buildConfigurations = (
				D8876377190DCFE600AAD14C /* Debug */,
				D8876378190DCFE600AAD14C /* Release */,
			);
			defaultConfigurationIsVisible = 0;
		};
		D8876379190DCFE600AAD14C /* Build configuration list for PBXNativeTarget "TransitionsExampleTests" */ = {
			isa = XCConfigurationList;
			buildConfigurations = (
				D887637A190DCFE600AAD14C /* Debug */,
				D887637B190DCFE600AAD14C /* Release */,
			);
			defaultConfigurationIsVisible = 0;
		};
/* End XCConfigurationList section */
	};
	rootObject = D8876342190DCFE600AAD14C /* Project object */;
}
